
Microsoft Visual Studio Solution File, Format Version 12.00
# Visual Studio Version 16
VisualStudioVersion = 16.0.28729.10
MinimumVisualStudioVersion = 10.0.40219.1
Project("{9A19103F-16F7-4668-BE54-9A1E7A4F7556}") = "App", "src\App\App.csproj", "{4FBFF693-7316-45AE-9BE4-037AC6F0C90A}"
EndProject
Project("{9A19103F-16F7-4668-BE54-9A1E7A4F7556}") = "Infrastructure.EntityFramework", "src\Infrastructure.EntityFramework\Infrastructure.EntityFramework.csproj", "{185EB437-B940-4FE9-8D33-CBD724516806}"
EndProject
Project("{FAE04EC0-301F-11D3-BF4B-00C04F79EFBC}") = "Infrastructure.Api", "src\Infrastructure.Api\Infrastructure.Api.csproj", "{C46D0AE4-FBE6-4A96-B705-676D16129D9D}"
EndProject
Project("{2150E333-8FDC-42A3-9474-1A3956D46DE8}") = "Docs", "Docs", "{1291F4E3-539F-481A-B6A9-0F6FB69F5F8B}"
	ProjectSection(SolutionItems) = preProject
		Directory.Build.props = Directory.Build.props
	EndProjectSection
EndProject
Project("{FAE04EC0-301F-11D3-BF4B-00C04F79EFBC}") = "Common", "src\Common\Common.csproj", "{36343606-0F4B-4BE4-8784-8B255939D5BE}"
EndProject
Project("{2150E333-8FDC-42A3-9474-1A3956D46DE8}") = "Src", "Src", "{33EDC923-8228-4707-8AD0-2ABC2B7D4060}"
EndProject
Project("{2150E333-8FDC-42A3-9474-1A3956D46DE8}") = "tools", "tools", "{13A4CB77-D27E-438B-B5DA-E78098ADC541}"
EndProject
Project("{9A19103F-16F7-4668-BE54-9A1E7A4F7556}") = "Tools.Migration", "tools\Tools.Migration\Tools.Migration.csproj", "{2CBA163F-E966-4191-A5D9-FBD8B1A60A70}"
EndProject
Global
	GlobalSection(SolutionConfigurationPlatforms) = preSolution
		Debug|Any CPU = Debug|Any CPU
		Release|Any CPU = Release|Any CPU
	EndGlobalSection
	GlobalSection(ProjectConfigurationPlatforms) = postSolution
		{4FBFF693-7316-45AE-9BE4-037AC6F0C90A}.Debug|Any CPU.ActiveCfg = Debug|Any CPU
		{4FBFF693-7316-45AE-9BE4-037AC6F0C90A}.Debug|Any CPU.Build.0 = Debug|Any CPU
		{4FBFF693-7316-45AE-9BE4-037AC6F0C90A}.Release|Any CPU.ActiveCfg = Release|Any CPU
		{4FBFF693-7316-45AE-9BE4-037AC6F0C90A}.Release|Any CPU.Build.0 = Release|Any CPU
		{185EB437-B940-4FE9-8D33-CBD724516806}.Debug|Any CPU.ActiveCfg = Debug|Any CPU
		{185EB437-B940-4FE9-8D33-CBD724516806}.Debug|Any CPU.Build.0 = Debug|Any CPU
		{185EB437-B940-4FE9-8D33-CBD724516806}.Release|Any CPU.ActiveCfg = Release|Any CPU
		{185EB437-B940-4FE9-8D33-CBD724516806}.Release|Any CPU.Build.0 = Release|Any CPU
		{C46D0AE4-FBE6-4A96-B705-676D16129D9D}.Debug|Any CPU.ActiveCfg = Debug|Any CPU
		{C46D0AE4-FBE6-4A96-B705-676D16129D9D}.Debug|Any CPU.Build.0 = Debug|Any CPU
		{C46D0AE4-FBE6-4A96-B705-676D16129D9D}.Release|Any CPU.ActiveCfg = Release|Any CPU
		{C46D0AE4-FBE6-4A96-B705-676D16129D9D}.Release|Any CPU.Build.0 = Release|Any CPU
		{36343606-0F4B-4BE4-8784-8B255939D5BE}.Debug|Any CPU.ActiveCfg = Debug|Any CPU
		{36343606-0F4B-4BE4-8784-8B255939D5BE}.Debug|Any CPU.Build.0 = Debug|Any CPU
		{36343606-0F4B-4BE4-8784-8B255939D5BE}.Release|Any CPU.ActiveCfg = Release|Any CPU
		{36343606-0F4B-4BE4-8784-8B255939D5BE}.Release|Any CPU.Build.0 = Release|Any CPU
		{2CBA163F-E966-4191-A5D9-FBD8B1A60A70}.Debug|Any CPU.ActiveCfg = Debug|Any CPU
		{2CBA163F-E966-4191-A5D9-FBD8B1A60A70}.Debug|Any CPU.Build.0 = Debug|Any CPU
		{2CBA163F-E966-4191-A5D9-FBD8B1A60A70}.Release|Any CPU.ActiveCfg = Release|Any CPU
		{2CBA163F-E966-4191-A5D9-FBD8B1A60A70}.Release|Any CPU.Build.0 = Release|Any CPU
	EndGlobalSection
	GlobalSection(SolutionProperties) = preSolution
		HideSolutionNode = FALSE
	EndGlobalSection
	GlobalSection(NestedProjects) = preSolution
		{4FBFF693-7316-45AE-9BE4-037AC6F0C90A} = {33EDC923-8228-4707-8AD0-2ABC2B7D4060}
		{185EB437-B940-4FE9-8D33-CBD724516806} = {33EDC923-8228-4707-8AD0-2ABC2B7D4060}
		{C46D0AE4-FBE6-4A96-B705-676D16129D9D} = {33EDC923-8228-4707-8AD0-2ABC2B7D4060}
		{36343606-0F4B-4BE4-8784-8B255939D5BE} = {33EDC923-8228-4707-8AD0-2ABC2B7D4060}
		{2CBA163F-E966-4191-A5D9-FBD8B1A60A70} = {13A4CB77-D27E-438B-B5DA-E78098ADC541}
	EndGlobalSection
	GlobalSection(ExtensibilityGlobals) = postSolution
		SolutionGuid = {7CC91199-6728-4908-A41E-297E4DFD77DB}
	EndGlobalSection
EndGlobal
